
Microsoft Visual Studio Solution File, Format Version 12.00
# Visual Studio Version 17
VisualStudioVersion = 17.5.002.0
MinimumVisualStudioVersion = 10.0.40219.1
Project("{9A19103F-16F7-4668-BE54-9A1E7A4F7556}") = "DailyTasks", "DailyTasks.csproj", "{2BB852D6-EFAF-4A77-85BF-F935AB77CCC3}"
EndProject
Global
	GlobalSection(SolutionConfigurationPlatforms) = preSolution
		Debug|Any CPU = Debug|Any CPU
		Release|Any CPU = Release|Any CPU
	EndGlobalSection
	GlobalSection(ProjectConfigurationPlatforms) = postSolution
		{2BB852D6-EFAF-4A77-85BF-F935AB77CCC3}.Debug|Any CPU.ActiveCfg = Debug|Any CPU
		{2BB852D6-EFAF-4A77-85BF-F935AB77CCC3}.Debug|Any CPU.Build.0 = Debug|Any CPU
		{2BB852D6-EFAF-4A77-85BF-F935AB77CCC3}.Release|Any CPU.ActiveCfg = Release|Any CPU
		{2BB852D6-EFAF-4A77-85BF-F935AB77CCC3}.Release|Any CPU.Build.0 = Release|Any CPU
	EndGlobalSection
	GlobalSection(SolutionProperties) = preSolution
		HideSolutionNode = FALSE
	EndGlobalSection
	GlobalSection(ExtensibilityGlobals) = postSolution
		SolutionGuid = {12DE1B8C-ED4B-4BAC-87AB-11BE28BB9B03}
	EndGlobalSection
EndGlobal
