
Microsoft Visual Studio Solution File, Format Version 12.00
# Visual Studio Version 17
VisualStudioVersion = 17.5.002.0
MinimumVisualStudioVersion = 10.0.40219.1
Project("{9A19103F-16F7-4668-BE54-9A1E7A4F7556}") = "Serialization", "Serialization.csproj", "{AAFBD3BC-9916-47A3-BD1C-46F35081222B}"
EndProject
Global
	GlobalSection(SolutionConfigurationPlatforms) = preSolution
		Debug|Any CPU = Debug|Any CPU
		Release|Any CPU = Release|Any CPU
	EndGlobalSection
	GlobalSection(ProjectConfigurationPlatforms) = postSolution
		{AAFBD3BC-9916-47A3-BD1C-46F35081222B}.Debug|Any CPU.ActiveCfg = Debug|Any CPU
		{AAFBD3BC-9916-47A3-BD1C-46F35081222B}.Debug|Any CPU.Build.0 = Debug|Any CPU
		{AAFBD3BC-9916-47A3-BD1C-46F35081222B}.Release|Any CPU.ActiveCfg = Release|Any CPU
		{AAFBD3BC-9916-47A3-BD1C-46F35081222B}.Release|Any CPU.Build.0 = Release|Any CPU
	EndGlobalSection
	GlobalSection(SolutionProperties) = preSolution
		HideSolutionNode = FALSE
	EndGlobalSection
	GlobalSection(ExtensibilityGlobals) = postSolution
		SolutionGuid = {AF41109E-532B-4749-92CC-8BF908301DDC}
	EndGlobalSection
EndGlobal
